
Microsoft Visual Studio Solution File, Format Version 12.00
# Visual Studio 2012
Project("{8BC9CEB8-8B4A-11D0-8D11-00A0C91BC942}") = "Shapes", "Shapes\Shapes.vcxproj", "{3E5BBC13-9D3C-436E-93F0-8B3ED8A08136}"
EndProject
Global
	GlobalSection(SolutionConfigurationPlatforms) = preSolution
		Debug|Win32 = Debug|Win32
		Release|Win32 = Release|Win32
	EndGlobalSection
	GlobalSection(ProjectConfigurationPlatforms) = postSolution
		{3E5BBC13-9D3C-436E-93F0-8B3ED8A08136}.Debug|Win32.ActiveCfg = Debug|Win32
		{3E5BBC13-9D3C-436E-93F0-8B3ED8A08136}.Debug|Win32.Build.0 = Debug|Win32
		{3E5BBC13-9D3C-436E-93F0-8B3ED8A08136}.Debug|Win32.Deploy.0 = Debug|Win32
		{3E5BBC13-9D3C-436E-93F0-8B3ED8A08136}.Release|Win32.ActiveCfg = Release|Win32
		{3E5BBC13-9D3C-436E-93F0-8B3ED8A08136}.Release|Win32.Build.0 = Release|Win32
		{3E5BBC13-9D3C-436E-93F0-8B3ED8A08136}.Release|Win32.Deploy.0 = Release|Win32
	EndGlobalSection
	GlobalSection(SolutionProperties) = preSolution
		HideSolutionNode = FALSE
	EndGlobalSection
EndGlobal
